# THIS IS AN AUTOGENERATED FILE. DO NOT EDIT THIS FILE DIRECTLY.
# yarn lockfile v1


find-insert-index@0.0.1:
  version "0.0.1"
  resolved "https://registry.yarnpkg.com/find-insert-index/-/find-insert-index-0.0.1.tgz#16cd34664c2ac233905ab2b39745bcec721362de"

mergesort@0.0.1:
  version "0.0.1"
  resolved "https://registry.yarnpkg.com/mergesort/-/mergesort-0.0.1.tgz#364ecc31b297dc7f44e511d365176f1c39d08fc2"

tree-model@^1.0.6:
  version "1.0.6"
  resolved "https://registry.yarnpkg.com/tree-model/-/tree-model-1.0.6.tgz#d2d5387229505ba43199a6f6fed1c72bd5019440"
  dependencies:
    find-insert-index "0.0.1"
    mergesort "0.0.1"
